
Microsoft Visual Studio Solution File, Format Version 12.00
# Visual Studio 2012
Project("{FAE04EC0-301F-11D3-BF4B-00C04F79EFBC}") = "Wintellect.Sterling.Core", "..\Wintellect.Sterling.Core\Wintellect.Sterling.Core.csproj", "{7B8F46DA-A437-45C4-B54A-87B418D5701F}"
EndProject
Project("{FAE04EC0-301F-11D3-BF4B-00C04F79EFBC}") = "Wintellect.Sterling.WP8", "Wintellect.Sterling.WP8.csproj", "{C673A4A9-88FA-410D-B3FD-F5B7B62EB50E}"
EndProject
Project("{FAE04EC0-301F-11D3-BF4B-00C04F79EFBC}") = "Wintellect.Sterling.WP8.Test", "..\Wintellect.Sterling.WP8.Test\Wintellect.Sterling.WP8.Test.csproj", "{185A3ECC-06A4-4BA1-A634-A1E681C6E66D}"
EndProject
Global
	GlobalSection(SolutionConfigurationPlatforms) = preSolution
		Debug|Any CPU = Debug|Any CPU
		Debug|ARM = Debug|ARM
		Debug|x86 = Debug|x86
		Release|Any CPU = Release|Any CPU
		Release|ARM = Release|ARM
		Release|x86 = Release|x86
	EndGlobalSection
	GlobalSection(ProjectConfigurationPlatforms) = postSolution
		{7B8F46DA-A437-45C4-B54A-87B418D5701F}.Debug|Any CPU.ActiveCfg = Debug|Any CPU
		{7B8F46DA-A437-45C4-B54A-87B418D5701F}.Debug|Any CPU.Build.0 = Debug|Any CPU
		{7B8F46DA-A437-45C4-B54A-87B418D5701F}.Debug|ARM.ActiveCfg = Debug|Any CPU
		{7B8F46DA-A437-45C4-B54A-87B418D5701F}.Debug|x86.ActiveCfg = Debug|Any CPU
		{7B8F46DA-A437-45C4-B54A-87B418D5701F}.Release|Any CPU.ActiveCfg = Release|Any CPU
		{7B8F46DA-A437-45C4-B54A-87B418D5701F}.Release|Any CPU.Build.0 = Release|Any CPU
		{7B8F46DA-A437-45C4-B54A-87B418D5701F}.Release|ARM.ActiveCfg = Release|Any CPU
		{7B8F46DA-A437-45C4-B54A-87B418D5701F}.Release|x86.ActiveCfg = Release|Any CPU
		{C673A4A9-88FA-410D-B3FD-F5B7B62EB50E}.Debug|Any CPU.ActiveCfg = Debug|Any CPU
		{C673A4A9-88FA-410D-B3FD-F5B7B62EB50E}.Debug|Any CPU.Build.0 = Debug|Any CPU
		{C673A4A9-88FA-410D-B3FD-F5B7B62EB50E}.Debug|ARM.ActiveCfg = Debug|ARM
		{C673A4A9-88FA-410D-B3FD-F5B7B62EB50E}.Debug|ARM.Build.0 = Debug|ARM
		{C673A4A9-88FA-410D-B3FD-F5B7B62EB50E}.Debug|x86.ActiveCfg = Debug|x86
		{C673A4A9-88FA-410D-B3FD-F5B7B62EB50E}.Debug|x86.Build.0 = Debug|x86
		{C673A4A9-88FA-410D-B3FD-F5B7B62EB50E}.Release|Any CPU.ActiveCfg = Release|Any CPU
		{C673A4A9-88FA-410D-B3FD-F5B7B62EB50E}.Release|Any CPU.Build.0 = Release|Any CPU
		{C673A4A9-88FA-410D-B3FD-F5B7B62EB50E}.Release|ARM.ActiveCfg = Release|ARM
		{C673A4A9-88FA-410D-B3FD-F5B7B62EB50E}.Release|ARM.Build.0 = Release|ARM
		{C673A4A9-88FA-410D-B3FD-F5B7B62EB50E}.Release|x86.ActiveCfg = Release|x86
		{C673A4A9-88FA-410D-B3FD-F5B7B62EB50E}.Release|x86.Build.0 = Release|x86
		{185A3ECC-06A4-4BA1-A634-A1E681C6E66D}.Debug|Any CPU.ActiveCfg = Debug|Any CPU
		{185A3ECC-06A4-4BA1-A634-A1E681C6E66D}.Debug|Any CPU.Build.0 = Debug|Any CPU
		{185A3ECC-06A4-4BA1-A634-A1E681C6E66D}.Debug|Any CPU.Deploy.0 = Debug|Any CPU
		{185A3ECC-06A4-4BA1-A634-A1E681C6E66D}.Debug|ARM.ActiveCfg = Debug|ARM
		{185A3ECC-06A4-4BA1-A634-A1E681C6E66D}.Debug|ARM.Build.0 = Debug|ARM
		{185A3ECC-06A4-4BA1-A634-A1E681C6E66D}.Debug|ARM.Deploy.0 = Debug|ARM
		{185A3ECC-06A4-4BA1-A634-A1E681C6E66D}.Debug|x86.ActiveCfg = Debug|x86
		{185A3ECC-06A4-4BA1-A634-A1E681C6E66D}.Debug|x86.Build.0 = Debug|x86
		{185A3ECC-06A4-4BA1-A634-A1E681C6E66D}.Debug|x86.Deploy.0 = Debug|x86
		{185A3ECC-06A4-4BA1-A634-A1E681C6E66D}.Release|Any CPU.ActiveCfg = Release|Any CPU
		{185A3ECC-06A4-4BA1-A634-A1E681C6E66D}.Release|Any CPU.Build.0 = Release|Any CPU
		{185A3ECC-06A4-4BA1-A634-A1E681C6E66D}.Release|Any CPU.Deploy.0 = Release|Any CPU
		{185A3ECC-06A4-4BA1-A634-A1E681C6E66D}.Release|ARM.ActiveCfg = Release|ARM
		{185A3ECC-06A4-4BA1-A634-A1E681C6E66D}.Release|ARM.Build.0 = Release|ARM
		{185A3ECC-06A4-4BA1-A634-A1E681C6E66D}.Release|ARM.Deploy.0 = Release|ARM
		{185A3ECC-06A4-4BA1-A634-A1E681C6E66D}.Release|x86.ActiveCfg = Release|x86
		{185A3ECC-06A4-4BA1-A634-A1E681C6E66D}.Release|x86.Build.0 = Release|x86
		{185A3ECC-06A4-4BA1-A634-A1E681C6E66D}.Release|x86.Deploy.0 = Release|x86
	EndGlobalSection
	GlobalSection(SolutionProperties) = preSolution
		HideSolutionNode = FALSE
	EndGlobalSection
EndGlobal
